<?xml version="1.0" encoding="utf-8"?>
<Project ToolsVersion="4.0" xmlns="http://schemas.microsoft.com/developer/msbuild/2003">
  <ItemGroup>
    <Filter Include="Source Files">
      <UniqueIdentifier>{4FC737F1-C7A5-4376-A066-2A32D752A2FF}</UniqueIdentifier>
      <Extensions>cpp;c;cc;cxx;c++;cppm;ixx;def;odl;idl;hpj;bat;asm;asmx</Extensions>
    </Filter>
    <Filter Include="Header Files">
      <UniqueIdentifier>{93995380-89BD-4b04-88EB-625FBE52EBFB}</UniqueIdentifier>
      <Extensions>h;hh;hpp;hxx;h++;hm;inl;inc;ipp;xsd</Extensions>
    </Filter>
    <Filter Include="Resource Files">
      <UniqueIdentifier>{67DA6AB6-F800-4c08-8B7A-83BB121AAD01}</UniqueIdentifier>
      <Extensions>rc;ico;cur;bmp;dlg;rc2;rct;bin;rgs;gif;jpg;jpeg;jpe;resx;tiff;tif;png;wav;mfcribbon-ms</Extensions>
    </Filter>
    <Filter Include="Header Files\game_engine">
      <UniqueIdentifier>{cab6f13e-3473-41df-b7de-aae03d8081ca}</UniqueIdentifier>
    </Filter>
    <Filter Include="Header Files\game_engine\render_engine">
      <UniqueIdentifier>{890289ae-4ac9-495b-af84-e2b6e2af6114}</UniqueIdentifier>
    </Filter>
    <Filter Include="Source Files\game_engine">
      <UniqueIdentifier>{101b9a2c-20fd-41c1-b568-b916a320459b}</UniqueIdentifier>
    </Filter>
    <Filter Include="Source Files\game_engine\render_engine">
      <UniqueIdentifier>{9fb10b9e-b32d-4ca8-b367-13c0f9873fac}</UniqueIdentifier>
    </Filter>
    <Filter Include="Header Files\game_engine\render_engine\rendering_objects">
      <UniqueIdentifier>{602d4574-448e-4aed-bd4f-2376f89a40cf}</UniqueIdentifier>
    </Filter>
    <Filter Include="Source Files\game_engine\render_engine\rendering_objects">
      <UniqueIdentifier>{3b984359-5d4e-43f2-ba4c-8ae999b48201}</UniqueIdentifier>
    </Filter>
    <Filter Include="Resource Files\shaders">
      <UniqueIdentifier>{21237eac-2d30-43a5-96e7-dbdd6832e784}</UniqueIdentifier>
    </Filter>
    <Filter Include="Header Files\game_engine\entity_component_system">
      <UniqueIdentifier>{3e3df56c-8531-4a56-a9f0-d0281ff28acf}</UniqueIdentifier>
    </Filter>
    <Filter Include="Header Files\game_engine\entity_component_system\sprite_renderer">
      <UniqueIdentifier>{22b642f5-8430-4063-9632-06f6bbf3d0e6}</UniqueIdentifier>
    </Filter>
    <Filter Include="Source Files\game_engine\entity_component_system">
      <UniqueIdentifier>{758d3aa8-b272-4fcc-bbe3-4be4693ba972}</UniqueIdentifier>
    </Filter>
    <Filter Include="Source Files\game_engine\entity_component_system\sprite_renderer">
      <UniqueIdentifier>{44f09360-87b0-4f78-b107-91d9b5c39ee7}</UniqueIdentifier>
    </Filter>
    <Filter Include="Resource Files\textures">
      <UniqueIdentifier>{d26da145-9c94-48eb-a0df-10f9f05e6149}</UniqueIdentifier>
    </Filter>
  </ItemGroup>
  <ItemGroup>
    <ClCompile Include="src\main.cpp">
      <Filter>Source Files</Filter>
    </ClCompile>
    <ClCompile Include="src\glad.c">
      <Filter>Source Files</Filter>
    </ClCompile>
    <ClCompile Include="src\render_engine\render_engine.cpp">
      <Filter>Source Files\game_engine\render_engine</Filter>
    </ClCompile>
    <ClCompile Include="src\game_engine.cpp">
      <Filter>Source Files\game_engine</Filter>
    </ClCompile>
    <ClCompile Include="src\render_engine\Shader.cpp">
      <Filter>Source Files\game_engine\render_engine\rendering_objects</Filter>
    </ClCompile>
    <ClCompile Include="src\render_engine\Texture.cpp">
      <Filter>Source Files\game_engine\render_engine\rendering_objects</Filter>
    </ClCompile>
    <ClCompile Include="src\ResourceManager.cpp">
      <Filter>Source Files\game_engine</Filter>
    </ClCompile>
    <ClCompile Include="src\entity_component_system\sprite_renderer.cpp">
      <Filter>Source Files\game_engine\entity_component_system\sprite_renderer</Filter>
    </ClCompile>
  </ItemGroup>
  <ItemGroup>
    <ClInclude Include="header\render_engine\render_engine.h">
      <Filter>Header Files\game_engine\render_engine</Filter>
    </ClInclude>
    <ClInclude Include="header\ResourceManager.h">
      <Filter>Header Files\game_engine</Filter>
    </ClInclude>
    <ClInclude Include="header\game_engine.h">
      <Filter>Header Files\game_engine</Filter>
    </ClInclude>
    <ClInclude Include="header\render_engine\Shader.h">
      <Filter>Header Files\game_engine\render_engine\rendering_objects</Filter>
    </ClInclude>
    <ClInclude Include="header\render_engine\Texture.h">
      <Filter>Header Files\game_engine\render_engine\rendering_objects</Filter>
    </ClInclude>
    <ClInclude Include="header\entity_component_system\sprite_renderer.h">
      <Filter>Header Files\game_engine\entity_component_system\sprite_renderer</Filter>
    </ClInclude>
  </ItemGroup>
  <ItemGroup>
    <None Include="resources\shaders\default.vs">
      <Filter>Resource Files\shaders</Filter>
    </None>
    <None Include="resources\shaders\default.frag">
      <Filter>Resource Files\shaders</Filter>
    </None>
  </ItemGroup>
  <ItemGroup>
    <Image Include="resources\textures\test.png">
      <Filter>Resource Files\textures</Filter>
    </Image>
  </ItemGroup>
</Project>